{
  "version": 4,
  "terraform_version": "1.11.2",
  "serial": 5,
  "lineage": "306a3403-d7dd-97cf-5c26-9fa9af5895d5",
  "outputs": {},
  "resources": [
    {
      "mode": "managed",
      "type": "oci_core_instance",
      "name": "always_free_vm",
      "provider": "provider[\"registry.terraform.io/oracle/oci\"]",
      "instances": [
        {
          "schema_version": 0,
          "attributes": {
            "agent_config": [
              {
                "are_all_plugins_disabled": false,
                "is_management_disabled": false,
                "is_monitoring_disabled": false,
                "plugins_config": []
              }
            ],
            "async": null,
            "availability_config": [
              {
                "is_live_migration_preferred": false,
                "recovery_action": "RESTORE_INSTANCE"
              }
            ],
            "availability_domain": "zueR:AP-MUMBAI-1-AD-1",
            "boot_volume_id": "ocid1.bootvolume.oc1.ap-mumbai-1.abrg6ljrnj3o67cizrj2uxwwscrzqp5oh3efscx4quym5fhdjaqu7hcxwkwa",
            "capacity_reservation_id": null,
            "compartment_id": "ocid1.compartment.oc1..aaaaaaaaxf52gihabpvb65kgyj5lherowf6kxcixb3xd7nfd6af4gcj5is6q",
            "compute_cluster_id": null,
            "create_vnic_details": [
              {
                "assign_ipv6ip": false,
                "assign_private_dns_record": false,
                "assign_public_ip": "true",
                "defined_tags": {
                  "Oracle-Tags.CreatedBy": "ocid1.instance.oc1.ap-mumbai-1.anrg6ljrzog7vgicbj7spp6pzkvxqtlkwl2wz2eo6z7xpqf5mbslfkwqi5fa",
                  "Oracle-Tags.CreatedOn": "2025-03-24T13:46:17.873Z"
                },
                "display_name": "AlwaysFreeVM",
                "freeform_tags": {},
                "hostname_label": "",
                "ipv6address_ipv6subnet_cidr_pair_details": [],
                "nsg_ids": [],
                "private_ip": "10.0.1.249",
                "skip_source_dest_check": false,
                "subnet_id": "ocid1.subnet.oc1.ap-mumbai-1.aaaaaaaamilwzkisr7yvybrzbg5vuxjybzoyxaxizzlj5rcvy3hbrdwcu4ba",
                "vlan_id": ""
              }
            ],
            "dedicated_vm_host_id": null,
            "defined_tags": {
              "Oracle-Tags.CreatedBy": "ocid1.instance.oc1.ap-mumbai-1.anrg6ljrzog7vgicbj7spp6pzkvxqtlkwl2wz2eo6z7xpqf5mbslfkwqi5fa",
              "Oracle-Tags.CreatedOn": "2025-03-24T13:46:17.726Z"
            },
            "display_name": "AlwaysFreeVM",
            "extended_metadata": {},
            "fault_domain": "FAULT-DOMAIN-2",
            "freeform_tags": {},
            "hostname_label": "",
            "id": "ocid1.instance.oc1.ap-mumbai-1.anrg6ljrzog7vgiclp2igvi7xetmwtyze32swezzbeivsqfzb44xhdqztwya",
            "image": "ocid1.image.oc1.ap-mumbai-1.aaaaaaaaxtpiye5nnlmdl4a4far26ywp4mw3xtuchg6texgrlrl435mgomaq",
            "instance_configuration_id": null,
            "instance_options": [
              {
                "are_legacy_imds_endpoints_disabled": false
              }
            ],
            "ipxe_script": null,
            "is_cross_numa_node": false,
            "is_pv_encryption_in_transit_enabled": null,
            "launch_mode": "PARAVIRTUALIZED",
            "launch_options": [
              {
                "boot_volume_type": "PARAVIRTUALIZED",
                "firmware": "UEFI_64",
                "is_consistent_volume_naming_enabled": true,
                "is_pv_encryption_in_transit_enabled": false,
                "network_type": "PARAVIRTUALIZED",
                "remote_data_volume_type": "PARAVIRTUALIZED"
              }
            ],
            "launch_volume_attachments": null,
            "metadata": {
              "ssh_authorized_keys": "ssh-rsa AAAAB3NzaC1yc2EAAAADAQABAAABAQDO/HVh8DZ7RAPzJsxRf5J0NDNGe9apNKTWJks42DheW+lug7jmLF+24jNsHhrfD/kAG71Ihtbs2RkEzHXrUzzPnfb4FbA3BQHui4PnmivH106+nF5JimvO2nbUV0I9WxKqi4/ce9m8HRIHn1aiZfSRQCMDtLOKaOhZxEIbIBXY9hacNKAHCzLzU1wnOJ039IhR+bbSf1YpVuBJI6qjIIiuQiEVSu9fTBDQu2eG+fnROIObITUh2jLUzLTnioXsJ+E8XgUQi4/5y9zgGIpChmtvgQPBMsOdEdsSbriVKf/roBBATd/lKl815MVQv+goZ+3JRHLmPd2hsKp6t1FztLid root@instance20250324090550\n"
            },
            "platform_config": [],
            "preemptible_instance_config": [],
            "preserve_boot_volume": null,
            "preserve_data_volumes_created_at_launch": null,
            "private_ip": "10.0.1.249",
            "public_ip": "140.238.247.129",
            "region": "ap-mumbai-1",
            "shape": "VM.Standard.E2.1.Micro",
            "shape_config": [
              {
                "baseline_ocpu_utilization": "",
                "gpu_description": "",
                "gpus": 0,
                "local_disk_description": "",
                "local_disks": 0,
                "local_disks_total_size_in_gbs": 0,
                "max_vnic_attachments": 1,
                "memory_in_gbs": 1,
                "networking_bandwidth_in_gbps": 0.47999998927116394,
                "nvmes": 0,
                "ocpus": 1,
                "processor_description": "2.0 GHz AMD EPYC™ 7551 (Naples)",
                "vcpus": 2
              }
            ],
            "source_details": [
              {
                "boot_volume_size_in_gbs": "47",
                "boot_volume_vpus_per_gb": "10",
                "instance_source_image_filter_details": [],
                "kms_key_id": "",
                "source_id": "ocid1.image.oc1.ap-mumbai-1.aaaaaaaaxtpiye5nnlmdl4a4far26ywp4mw3xtuchg6texgrlrl435mgomaq",
                "source_type": "image"
              }
            ],
            "state": "RUNNING",
            "subnet_id": "ocid1.subnet.oc1.ap-mumbai-1.aaaaaaaamilwzkisr7yvybrzbg5vuxjybzoyxaxizzlj5rcvy3hbrdwcu4ba",
            "system_tags": {
              "orcl-cloud.free-tier-retained": "true"
            },
            "time_created": "2025-03-24 13:46:18.257 +0000 UTC",
            "time_maintenance_reboot_due": "",
            "timeouts": null,
            "update_operation_constraint": null
          },
          "sensitive_attributes": [],
          "private": "eyJlMmJmYjczMC1lY2FhLTExZTYtOGY4OC0zNDM2M2JjN2M0YzAiOnsiY3JlYXRlIjoyNzAwMDAwMDAwMDAwLCJkZWxldGUiOjQ1MDAwMDAwMDAwMDAsInVwZGF0ZSI6MjcwMDAwMDAwMDAwMH19"
        }
      ]
    }
  ],
  "check_results": null
}
