{
  "version": 4,
  "terraform_version": "1.11.2",
  "serial": 33,
  "lineage": "306a3403-d7dd-97cf-5c26-9fa9af5895d5",
  "outputs": {},
  "resources": [
    {
      "mode": "managed",
      "type": "oci_core_instance",
      "name": "always_free_vm",
      "provider": "provider[\"registry.terraform.io/oracle/oci\"]",
      "instances": [
        {
          "schema_version": 0,
          "attributes": {
            "agent_config": [
              {
                "are_all_plugins_disabled": false,
                "is_management_disabled": false,
                "is_monitoring_disabled": false,
                "plugins_config": []
              }
            ],
            "async": null,
            "availability_config": [
              {
                "is_live_migration_preferred": false,
                "recovery_action": "RESTORE_INSTANCE"
              }
            ],
            "availability_domain": "zueR:AP-MUMBAI-1-AD-1",
            "boot_volume_id": "ocid1.bootvolume.oc1.ap-mumbai-1.abrg6ljrzdjpjilxxfqwubzpi2d5g46zdbyqpxd4d5gedpvoe4psnc7c7zhq",
            "capacity_reservation_id": null,
            "compartment_id": "ocid1.compartment.oc1..aaaaaaaaxf52gihabpvb65kgyj5lherowf6kxcixb3xd7nfd6af4gcj5is6q",
            "compute_cluster_id": null,
            "create_vnic_details": [
              {
                "assign_ipv6ip": false,
                "assign_private_dns_record": false,
                "assign_public_ip": "true",
                "defined_tags": {
                  "Oracle-Tags.CreatedBy": "ocid1.instance.oc1.ap-mumbai-1.anrg6ljrzog7vgicbj7spp6pzkvxqtlkwl2wz2eo6z7xpqf5mbslfkwqi5fa",
                  "Oracle-Tags.CreatedOn": "2025-03-25T07:43:05.007Z"
                },
                "display_name": "myvm-4902ae66-instance1",
                "freeform_tags": {},
                "hostname_label": "myvm-4902ae66-instance1",
                "ipv6address_ipv6subnet_cidr_pair_details": [],
                "nsg_ids": [],
                "private_ip": "10.0.1.131",
                "skip_source_dest_check": false,
                "subnet_id": "ocid1.subnet.oc1.ap-mumbai-1.aaaaaaaahltbvkfcuf2746a42tarv7tstyynwrewcd7g3npsziinyymnj62q",
                "vlan_id": ""
              }
            ],
            "dedicated_vm_host_id": null,
            "defined_tags": {
              "Oracle-Tags.CreatedBy": "ocid1.instance.oc1.ap-mumbai-1.anrg6ljrzog7vgicbj7spp6pzkvxqtlkwl2wz2eo6z7xpqf5mbslfkwqi5fa",
              "Oracle-Tags.CreatedOn": "2025-03-25T07:43:04.878Z"
            },
            "display_name": "myvm-4902ae66-instance1",
            "extended_metadata": {},
            "fault_domain": "FAULT-DOMAIN-2",
            "freeform_tags": {},
            "hostname_label": "myvm-4902ae66-instance1",
            "id": "ocid1.instance.oc1.ap-mumbai-1.anrg6ljrzog7vgicnpoorqf4f2cr6daldoilbc7ugdomhx6kg4nb5lwdttwa",
            "image": "ocid1.image.oc1.ap-mumbai-1.aaaaaaaaxtpiye5nnlmdl4a4far26ywp4mw3xtuchg6texgrlrl435mgomaq",
            "instance_configuration_id": null,
            "instance_options": [
              {
                "are_legacy_imds_endpoints_disabled": false
              }
            ],
            "ipxe_script": null,
            "is_cross_numa_node": false,
            "is_pv_encryption_in_transit_enabled": null,
            "launch_mode": "PARAVIRTUALIZED",
            "launch_options": [
              {
                "boot_volume_type": "PARAVIRTUALIZED",
                "firmware": "UEFI_64",
                "is_consistent_volume_naming_enabled": true,
                "is_pv_encryption_in_transit_enabled": false,
                "network_type": "PARAVIRTUALIZED",
                "remote_data_volume_type": "PARAVIRTUALIZED"
              }
            ],
            "launch_volume_attachments": null,
            "metadata": {
              "ssh_authorized_keys": "ssh-rsa AAAAB3NzaC1yc2EAAAADAQABAAABAQDO/HVh8DZ7RAPzJsxRf5J0NDNGe9apNKTWJks42DheW+lug7jmLF+24jNsHhrfD/kAG71Ihtbs2RkEzHXrUzzPnfb4FbA3BQHui4PnmivH106+nF5JimvO2nbUV0I9WxKqi4/ce9m8HRIHn1aiZfSRQCMDtLOKaOhZxEIbIBXY9hacNKAHCzLzU1wnOJ039IhR+bbSf1YpVuBJI6qjIIiuQiEVSu9fTBDQu2eG+fnROIObITUh2jLUzLTnioXsJ+E8XgUQi4/5y9zgGIpChmtvgQPBMsOdEdsSbriVKf/roBBATd/lKl815MVQv+goZ+3JRHLmPd2hsKp6t1FztLid root@instance20250324090550\n"
            },
            "platform_config": [],
            "preemptible_instance_config": [],
            "preserve_boot_volume": null,
            "preserve_data_volumes_created_at_launch": null,
            "private_ip": "10.0.1.131",
            "public_ip": "129.154.246.159",
            "region": "ap-mumbai-1",
            "shape": "VM.Standard.E2.1.Micro",
            "shape_config": [
              {
                "baseline_ocpu_utilization": "",
                "gpu_description": "",
                "gpus": 0,
                "local_disk_description": "",
                "local_disks": 0,
                "local_disks_total_size_in_gbs": 0,
                "max_vnic_attachments": 1,
                "memory_in_gbs": 1,
                "networking_bandwidth_in_gbps": 0.47999998927116394,
                "nvmes": 0,
                "ocpus": 1,
                "processor_description": "2.0 GHz AMD EPYC™ 7551 (Naples)",
                "vcpus": 2
              }
            ],
            "source_details": [
              {
                "boot_volume_size_in_gbs": "47",
                "boot_volume_vpus_per_gb": "10",
                "instance_source_image_filter_details": [],
                "kms_key_id": "",
                "source_id": "ocid1.image.oc1.ap-mumbai-1.aaaaaaaaxtpiye5nnlmdl4a4far26ywp4mw3xtuchg6texgrlrl435mgomaq",
                "source_type": "image"
              }
            ],
            "state": "RUNNING",
            "subnet_id": "ocid1.subnet.oc1.ap-mumbai-1.aaaaaaaahltbvkfcuf2746a42tarv7tstyynwrewcd7g3npsziinyymnj62q",
            "system_tags": {
              "orcl-cloud.free-tier-retained": "true"
            },
            "time_created": "2025-03-25 07:43:05.48 +0000 UTC",
            "time_maintenance_reboot_due": "",
            "timeouts": null,
            "update_operation_constraint": null
          },
          "sensitive_attributes": [],
          "private": "eyJlMmJmYjczMC1lY2FhLTExZTYtOGY4OC0zNDM2M2JjN2M0YzAiOnsiY3JlYXRlIjoyNzAwMDAwMDAwMDAwLCJkZWxldGUiOjQ1MDAwMDAwMDAwMDAsInVwZGF0ZSI6MjcwMDAwMDAwMDAwMH19",
          "dependencies": [
            "oci_core_subnet.vm_subnet",
            "oci_core_vcn.my_vcn",
            "random_id.suffix"
          ]
        }
      ]
    },
    {
      "mode": "managed",
      "type": "oci_core_security_list",
      "name": "vm_security_list",
      "provider": "provider[\"registry.terraform.io/oracle/oci\"]",
      "instances": [
        {
          "schema_version": 0,
          "attributes": {
            "compartment_id": "ocid1.compartment.oc1..aaaaaaaaxf52gihabpvb65kgyj5lherowf6kxcixb3xd7nfd6af4gcj5is6q",
            "defined_tags": {
              "Oracle-Tags.CreatedBy": "ocid1.instance.oc1.ap-mumbai-1.anrg6ljrzog7vgicbj7spp6pzkvxqtlkwl2wz2eo6z7xpqf5mbslfkwqi5fa",
              "Oracle-Tags.CreatedOn": "2025-03-25T07:43:01.375Z"
            },
            "display_name": "securitylist20250325074301",
            "egress_security_rules": [
              {
                "description": "",
                "destination": "0.0.0.0/0",
                "destination_type": "CIDR_BLOCK",
                "icmp_options": [],
                "protocol": "all",
                "stateless": false,
                "tcp_options": [],
                "udp_options": []
              }
            ],
            "freeform_tags": {},
            "id": "ocid1.securitylist.oc1.ap-mumbai-1.aaaaaaaaip5mun42f2ivoidy54qf56j2f5umee642xyb2dwrp56kl44yotca",
            "ingress_security_rules": [
              {
                "description": "",
                "icmp_options": [],
                "protocol": "6",
                "source": "0.0.0.0/0",
                "source_type": "CIDR_BLOCK",
                "stateless": false,
                "tcp_options": [
                  {
                    "max": 22,
                    "min": 22,
                    "source_port_range": []
                  }
                ],
                "udp_options": []
              }
            ],
            "state": "AVAILABLE",
            "time_created": "2025-03-25 07:43:01.398 +0000 UTC",
            "timeouts": null,
            "vcn_id": "ocid1.vcn.oc1.ap-mumbai-1.amaaaaaazog7vgiawuiybjtwiyoozv3jabm55mxtldo6agku6byw7ya6bhpa"
          },
          "sensitive_attributes": [],
          "private": "eyJlMmJmYjczMC1lY2FhLTExZTYtOGY4OC0zNDM2M2JjN2M0YzAiOnsiY3JlYXRlIjoxMjAwMDAwMDAwMDAwLCJkZWxldGUiOjEyMDAwMDAwMDAwMDAsInVwZGF0ZSI6MTIwMDAwMDAwMDAwMH19",
          "dependencies": [
            "oci_core_vcn.my_vcn"
          ]
        }
      ]
    },
    {
      "mode": "managed",
      "type": "oci_core_subnet",
      "name": "vm_subnet",
      "provider": "provider[\"registry.terraform.io/oracle/oci\"]",
      "instances": [
        {
          "schema_version": 0,
          "attributes": {
            "availability_domain": null,
            "cidr_block": "10.0.1.0/24",
            "compartment_id": "ocid1.compartment.oc1..aaaaaaaaxf52gihabpvb65kgyj5lherowf6kxcixb3xd7nfd6af4gcj5is6q",
            "defined_tags": {
              "Oracle-Tags.CreatedBy": "ocid1.instance.oc1.ap-mumbai-1.anrg6ljrzog7vgicbj7spp6pzkvxqtlkwl2wz2eo6z7xpqf5mbslfkwqi5fa",
              "Oracle-Tags.CreatedOn": "2025-03-25T07:43:00.661Z"
            },
            "dhcp_options_id": "ocid1.dhcpoptions.oc1.ap-mumbai-1.aaaaaaaacsoev74kponjvr2ci4uc3pyf6xajgidtvzikxxoi6e4ivcgcqxjq",
            "display_name": "VM Subnet",
            "dns_label": "vmsubnet",
            "freeform_tags": {},
            "id": "ocid1.subnet.oc1.ap-mumbai-1.aaaaaaaahltbvkfcuf2746a42tarv7tstyynwrewcd7g3npsziinyymnj62q",
            "ipv6cidr_block": null,
            "ipv6cidr_blocks": [],
            "ipv6virtual_router_ip": null,
            "prohibit_internet_ingress": false,
            "prohibit_public_ip_on_vnic": false,
            "route_table_id": "ocid1.routetable.oc1.ap-mumbai-1.aaaaaaaalwaih4dzrdrhawtayj3475ht4xmawtv3y42oegannzdg7n4zusvq",
            "security_list_ids": [
              "ocid1.securitylist.oc1.ap-mumbai-1.aaaaaaaaydjdtk67e2eez7ghwxczutwgm55km74j3cjooc6wo6pedhcutkmq"
            ],
            "state": "AVAILABLE",
            "subnet_domain_name": "vmsubnet.myvcn.oraclevcn.com",
            "time_created": "2025-03-25 07:43:00.706 +0000 UTC",
            "timeouts": null,
            "vcn_id": "ocid1.vcn.oc1.ap-mumbai-1.amaaaaaazog7vgiawuiybjtwiyoozv3jabm55mxtldo6agku6byw7ya6bhpa",
            "virtual_router_ip": "10.0.1.1",
            "virtual_router_mac": "00:00:17:15:AE:45"
          },
          "sensitive_attributes": [],
          "private": "eyJlMmJmYjczMC1lY2FhLTExZTYtOGY4OC0zNDM2M2JjN2M0YzAiOnsiY3JlYXRlIjoxMjAwMDAwMDAwMDAwLCJkZWxldGUiOjEyMDAwMDAwMDAwMDAsInVwZGF0ZSI6MTIwMDAwMDAwMDAwMH19",
          "dependencies": [
            "oci_core_vcn.my_vcn"
          ]
        }
      ]
    },
    {
      "mode": "managed",
      "type": "oci_core_vcn",
      "name": "my_vcn",
      "provider": "provider[\"registry.terraform.io/oracle/oci\"]",
      "instances": [
        {
          "schema_version": 0,
          "attributes": {
            "byoipv6cidr_blocks": [],
            "byoipv6cidr_details": null,
            "cidr_block": "10.0.0.0/16",
            "cidr_blocks": [
              "10.0.0.0/16"
            ],
            "compartment_id": "ocid1.compartment.oc1..aaaaaaaaxf52gihabpvb65kgyj5lherowf6kxcixb3xd7nfd6af4gcj5is6q",
            "default_dhcp_options_id": "ocid1.dhcpoptions.oc1.ap-mumbai-1.aaaaaaaacsoev74kponjvr2ci4uc3pyf6xajgidtvzikxxoi6e4ivcgcqxjq",
            "default_route_table_id": "ocid1.routetable.oc1.ap-mumbai-1.aaaaaaaalwaih4dzrdrhawtayj3475ht4xmawtv3y42oegannzdg7n4zusvq",
            "default_security_list_id": "ocid1.securitylist.oc1.ap-mumbai-1.aaaaaaaaydjdtk67e2eez7ghwxczutwgm55km74j3cjooc6wo6pedhcutkmq",
            "defined_tags": {
              "Oracle-Tags.CreatedBy": "ocid1.instance.oc1.ap-mumbai-1.anrg6ljrzog7vgicbj7spp6pzkvxqtlkwl2wz2eo6z7xpqf5mbslfkwqi5fa",
              "Oracle-Tags.CreatedOn": "2025-03-25T07:43:00.108Z"
            },
            "display_name": "My VCN",
            "dns_label": "myvcn",
            "freeform_tags": {},
            "id": "ocid1.vcn.oc1.ap-mumbai-1.amaaaaaazog7vgiawuiybjtwiyoozv3jabm55mxtldo6agku6byw7ya6bhpa",
            "ipv6cidr_blocks": [],
            "ipv6private_cidr_blocks": [],
            "is_ipv6enabled": false,
            "is_oracle_gua_allocation_enabled": null,
            "state": "AVAILABLE",
            "time_created": "2025-03-25 07:43:00.18 +0000 UTC",
            "timeouts": null,
            "vcn_domain_name": "myvcn.oraclevcn.com"
          },
          "sensitive_attributes": [],
          "private": "eyJlMmJmYjczMC1lY2FhLTExZTYtOGY4OC0zNDM2M2JjN2M0YzAiOnsiY3JlYXRlIjoxMjAwMDAwMDAwMDAwLCJkZWxldGUiOjEyMDAwMDAwMDAwMDAsInVwZGF0ZSI6MTIwMDAwMDAwMDAwMH19"
        }
      ]
    },
    {
      "mode": "managed",
      "type": "random_id",
      "name": "suffix",
      "provider": "provider[\"registry.terraform.io/hashicorp/random\"]",
      "instances": [
        {
          "schema_version": 0,
          "attributes": {
            "b64_std": "SQKuZg==",
            "b64_url": "SQKuZg",
            "byte_length": 4,
            "dec": "1224912486",
            "hex": "4902ae66",
            "id": "SQKuZg",
            "keepers": null,
            "prefix": null
          },
          "sensitive_attributes": []
        }
      ]
    }
  ],
  "check_results": null
}
