{
  "version": 4,
  "terraform_version": "1.11.2",
  "serial": 22,
  "lineage": "306a3403-d7dd-97cf-5c26-9fa9af5895d5",
  "outputs": {},
  "resources": [
    {
      "mode": "managed",
      "type": "oci_core_internet_gateway",
      "name": "vm_igw",
      "provider": "provider[\"registry.terraform.io/oracle/oci\"]",
      "instances": [
        {
          "schema_version": 0,
          "attributes": {
            "compartment_id": "ocid1.compartment.oc1..aaaaaaaaxf52gihabpvb65kgyj5lherowf6kxcixb3xd7nfd6af4gcj5is6q",
            "defined_tags": {
              "Oracle-Tags.CreatedBy": "ocid1.instance.oc1.ap-mumbai-1.anrg6ljrzog7vgicbj7spp6pzkvxqtlkwl2wz2eo6z7xpqf5mbslfkwqi5fa",
              "Oracle-Tags.CreatedOn": "2025-03-25T07:16:20.820Z"
            },
            "display_name": "myvm-23af-igw",
            "enabled": true,
            "freeform_tags": {},
            "id": "ocid1.internetgateway.oc1.ap-mumbai-1.aaaaaaaapucbm3uinhvvdw3z4ngrizkja4oqtncrk5jiklpoblncop6bdyyq",
            "route_table_id": null,
            "state": "AVAILABLE",
            "time_created": "2025-03-25 07:16:20.855 +0000 UTC",
            "timeouts": null,
            "vcn_id": "ocid1.vcn.oc1.ap-mumbai-1.amaaaaaazog7vgiarug6lnbbn5uxxeyimjsj3k2avxq6bmofv6d47ozxpwmq"
          },
          "sensitive_attributes": [],
          "private": "eyJlMmJmYjczMC1lY2FhLTExZTYtOGY4OC0zNDM2M2JjN2M0YzAiOnsiY3JlYXRlIjoxMjAwMDAwMDAwMDAwLCJkZWxldGUiOjEyMDAwMDAwMDAwMDAsInVwZGF0ZSI6MTIwMDAwMDAwMDAwMH19",
          "dependencies": [
            "oci_core_vcn.vm_vcn",
            "random_id.suffix"
          ]
        }
      ]
    },
    {
      "mode": "managed",
      "type": "oci_core_route_table",
      "name": "vm_rt",
      "provider": "provider[\"registry.terraform.io/oracle/oci\"]",
      "instances": [
        {
          "schema_version": 0,
          "attributes": {
            "compartment_id": "ocid1.compartment.oc1..aaaaaaaaxf52gihabpvb65kgyj5lherowf6kxcixb3xd7nfd6af4gcj5is6q",
            "defined_tags": {
              "Oracle-Tags.CreatedBy": "ocid1.instance.oc1.ap-mumbai-1.anrg6ljrzog7vgicbj7spp6pzkvxqtlkwl2wz2eo6z7xpqf5mbslfkwqi5fa",
              "Oracle-Tags.CreatedOn": "2025-03-25T07:16:21.336Z"
            },
            "display_name": "myvm-23af-rt",
            "freeform_tags": {},
            "id": "ocid1.routetable.oc1.ap-mumbai-1.aaaaaaaawpvxnui5zexw5gj2zr5x4penfqthpj74nh4dc7wre4rvcjb3xkpq",
            "route_rules": [
              {
                "cidr_block": "",
                "description": "",
                "destination": "0.0.0.0/0",
                "destination_type": "CIDR_BLOCK",
                "network_entity_id": "ocid1.internetgateway.oc1.ap-mumbai-1.aaaaaaaapucbm3uinhvvdw3z4ngrizkja4oqtncrk5jiklpoblncop6bdyyq",
                "route_type": ""
              }
            ],
            "state": "AVAILABLE",
            "time_created": "2025-03-25 07:16:21.355 +0000 UTC",
            "timeouts": null,
            "vcn_id": "ocid1.vcn.oc1.ap-mumbai-1.amaaaaaazog7vgiarug6lnbbn5uxxeyimjsj3k2avxq6bmofv6d47ozxpwmq"
          },
          "sensitive_attributes": [],
          "private": "eyJlMmJmYjczMC1lY2FhLTExZTYtOGY4OC0zNDM2M2JjN2M0YzAiOnsiY3JlYXRlIjoxMjAwMDAwMDAwMDAwLCJkZWxldGUiOjEyMDAwMDAwMDAwMDAsInVwZGF0ZSI6MTIwMDAwMDAwMDAwMH19",
          "dependencies": [
            "oci_core_internet_gateway.vm_igw",
            "oci_core_vcn.vm_vcn",
            "random_id.suffix"
          ]
        }
      ]
    },
    {
      "mode": "managed",
      "type": "oci_core_security_list",
      "name": "vm_security_list",
      "provider": "provider[\"registry.terraform.io/oracle/oci\"]",
      "instances": [
        {
          "schema_version": 0,
          "attributes": {
            "compartment_id": "ocid1.compartment.oc1..aaaaaaaaxf52gihabpvb65kgyj5lherowf6kxcixb3xd7nfd6af4gcj5is6q",
            "defined_tags": {
              "Oracle-Tags.CreatedBy": "ocid1.instance.oc1.ap-mumbai-1.anrg6ljrzog7vgicbj7spp6pzkvxqtlkwl2wz2eo6z7xpqf5mbslfkwqi5fa",
              "Oracle-Tags.CreatedOn": "2025-03-25T07:16:20.818Z"
            },
            "display_name": "myvm-23af-security-list",
            "egress_security_rules": [],
            "freeform_tags": {},
            "id": "ocid1.securitylist.oc1.ap-mumbai-1.aaaaaaaaukiqx73zg2jjb52n4eq5uefekqeilm2ispzhxuffsb5wad7lh3sq",
            "ingress_security_rules": [
              {
                "description": "",
                "icmp_options": [],
                "protocol": "6",
                "source": "0.0.0.0/0",
                "source_type": "CIDR_BLOCK",
                "stateless": false,
                "tcp_options": [
                  {
                    "max": 22,
                    "min": 22,
                    "source_port_range": []
                  }
                ],
                "udp_options": []
              }
            ],
            "state": "AVAILABLE",
            "time_created": "2025-03-25 07:16:20.847 +0000 UTC",
            "timeouts": null,
            "vcn_id": "ocid1.vcn.oc1.ap-mumbai-1.amaaaaaazog7vgiarug6lnbbn5uxxeyimjsj3k2avxq6bmofv6d47ozxpwmq"
          },
          "sensitive_attributes": [],
          "private": "eyJlMmJmYjczMC1lY2FhLTExZTYtOGY4OC0zNDM2M2JjN2M0YzAiOnsiY3JlYXRlIjoxMjAwMDAwMDAwMDAwLCJkZWxldGUiOjEyMDAwMDAwMDAwMDAsInVwZGF0ZSI6MTIwMDAwMDAwMDAwMH19",
          "dependencies": [
            "oci_core_vcn.vm_vcn",
            "random_id.suffix"
          ]
        }
      ]
    },
    {
      "mode": "managed",
      "type": "oci_core_vcn",
      "name": "vm_vcn",
      "provider": "provider[\"registry.terraform.io/oracle/oci\"]",
      "instances": [
        {
          "schema_version": 0,
          "attributes": {
            "byoipv6cidr_blocks": [],
            "byoipv6cidr_details": null,
            "cidr_block": "10.0.0.0/16",
            "cidr_blocks": [
              "10.0.0.0/16"
            ],
            "compartment_id": "ocid1.compartment.oc1..aaaaaaaaxf52gihabpvb65kgyj5lherowf6kxcixb3xd7nfd6af4gcj5is6q",
            "default_dhcp_options_id": "ocid1.dhcpoptions.oc1.ap-mumbai-1.aaaaaaaafrk2i7udfltfgzyyqmfpgmwpl5bvtaefvqjds5peopmecwh7icoq",
            "default_route_table_id": "ocid1.routetable.oc1.ap-mumbai-1.aaaaaaaageinvyeceuncnifjjqz7r46rsndmgv242cg5ge7cgy52yrn2bffq",
            "default_security_list_id": "ocid1.securitylist.oc1.ap-mumbai-1.aaaaaaaa7ompvhmy3rkqxaznh66jfxzdimsuinlsxhvmnqryyxxzjzvflsiq",
            "defined_tags": {
              "Oracle-Tags.CreatedBy": "ocid1.instance.oc1.ap-mumbai-1.anrg6ljrzog7vgicbj7spp6pzkvxqtlkwl2wz2eo6z7xpqf5mbslfkwqi5fa",
              "Oracle-Tags.CreatedOn": "2025-03-25T07:16:20.322Z"
            },
            "display_name": "myvm-23af-vcn",
            "dns_label": "myvcn",
            "freeform_tags": {},
            "id": "ocid1.vcn.oc1.ap-mumbai-1.amaaaaaazog7vgiarug6lnbbn5uxxeyimjsj3k2avxq6bmofv6d47ozxpwmq",
            "ipv6cidr_blocks": [],
            "ipv6private_cidr_blocks": [],
            "is_ipv6enabled": false,
            "is_oracle_gua_allocation_enabled": null,
            "state": "AVAILABLE",
            "time_created": "2025-03-25 07:16:20.373 +0000 UTC",
            "timeouts": null,
            "vcn_domain_name": "myvcn.oraclevcn.com"
          },
          "sensitive_attributes": [],
          "private": "eyJlMmJmYjczMC1lY2FhLTExZTYtOGY4OC0zNDM2M2JjN2M0YzAiOnsiY3JlYXRlIjoxMjAwMDAwMDAwMDAwLCJkZWxldGUiOjEyMDAwMDAwMDAwMDAsInVwZGF0ZSI6MTIwMDAwMDAwMDAwMH19",
          "dependencies": [
            "random_id.suffix"
          ]
        }
      ]
    },
    {
      "mode": "managed",
      "type": "random_id",
      "name": "suffix",
      "provider": "provider[\"registry.terraform.io/hashicorp/random\"]",
      "instances": [
        {
          "schema_version": 0,
          "attributes": {
            "b64_std": "I68=",
            "b64_url": "I68",
            "byte_length": 2,
            "dec": "9135",
            "hex": "23af",
            "id": "I68",
            "keepers": null,
            "prefix": null
          },
          "sensitive_attributes": []
        }
      ]
    }
  ],
  "check_results": null
}
